{
  "name": "kittik-shape-code",
  "version": "0.0.0",
  "lockfileVersion": 1,
  "requires": true,
  "dependencies": {
    "@types/js-beautify": {
      "version": "1.8.2",
      "resolved": "https://registry.npmjs.org/@types/js-beautify/-/js-beautify-1.8.2.tgz",
      "integrity": "sha512-mOJgFuIN8HPbcTXXp50yKQIZo+/lzRL6pezQ4leEA0p3JXIbc0afYJq4MoDcJWIS8ibWBBjykvHpO58d+Y3dhQ==",
      "dev": true
    },
    "@types/node": {
      "version": "13.9.1",
      "resolved": "https://registry.npmjs.org/@types/node/-/node-13.9.1.tgz",
      "integrity": "sha512-E6M6N0blf/jiZx8Q3nb0vNaswQeEyn0XlupO+xN6DtJ6r6IT4nXrTry7zhIfYvFCl3/8Cu6WIysmUBKiqV0bqQ==",
      "dev": true
    },
    "kittik-shape-basic": {
      "version": "0.0.0",
      "dependencies": {
        "@types/node": {
          "version": "13.9.1",
          "resolved": "https://registry.npmjs.org/@types/node/-/node-13.9.1.tgz",
          "integrity": "sha512-E6M6N0blf/jiZx8Q3nb0vNaswQeEyn0XlupO+xN6DtJ6r6IT4nXrTry7zhIfYvFCl3/8Cu6WIysmUBKiqV0bqQ=="
        }
      }
    }
  }
}
